// !$*UTF8*$!
{
	archiveVersion = 1;
	classes = {
	};
	objectVersion = 50;
	objects = {

/* Begin PBXBuildFile section */
		B4EEDC1B216802AC006F9E3A /* Tests.m in Sources */ = {isa = PBXBuildFile; fileRef = B4EEDC1A216802AC006F9E3A /* Tests.m */; };
		B4EEDC1D216802AC006F9E3A /* libc-to-objc.a in Frameworks */ = {isa = PBXBuildFile; fileRef = B4EEDC082168029A006F9E3A /* libc-to-objc.a */; };
		B4EEDC25216802DE006F9E3A /* Person.h in Headers */ = {isa = PBXBuildFile; fileRef = B4EEDC23216802DE006F9E3A /* Person.h */; settings = {ATTRIBUTES = (Public, ); }; };
		B4EEDC26216802DE006F9E3A /* Person.m in Sources */ = {isa = PBXBuildFile; fileRef = B4EEDC24216802DE006F9E3A /* Person.m */; };
/* End PBXBuildFile section */

/* Begin PBXContainerItemProxy section */
		B4EEDC1E216802AC006F9E3A /* PBXContainerItemProxy */ = {
			isa = PBXContainerItemProxy;
			containerPortal = B4EEDC002168029A006F9E3A /* Project object */;
			proxyType = 1;
			remoteGlobalIDString = B4EEDC072168029A006F9E3A;
			remoteInfo = "c-to-objc";
		};
/* End PBXContainerItemProxy section */

/* Begin PBXFileReference section */
		B4EEDC082168029A006F9E3A /* libc-to-objc.a */ = {isa = PBXFileReference; explicitFileType = archive.ar; includeInIndex = 0; path = "libc-to-objc.a"; sourceTree = BUILT_PRODUCTS_DIR; };
		B4EEDC18216802AC006F9E3A /* Tests.xctest */ = {isa = PBXFileReference; explicitFileType = wrapper.cfbundle; includeInIndex = 0; path = Tests.xctest; sourceTree = BUILT_PRODUCTS_DIR; };
		B4EEDC1A216802AC006F9E3A /* Tests.m */ = {isa = PBXFileReference; lastKnownFileType = sourcecode.c.objc; path = Tests.m; sourceTree = "<group>"; };
		B4EEDC1C216802AC006F9E3A /* Info.plist */ = {isa = PBXFileReference; lastKnownFileType = text.plist.xml; path = Info.plist; sourceTree = "<group>"; };
		B4EEDC23216802DE006F9E3A /* Person.h */ = {isa = PBXFileReference; lastKnownFileType = sourcecode.c.h; path = Person.h; sourceTree = "<group>"; };
		B4EEDC24216802DE006F9E3A /* Person.m */ = {isa = PBXFileReference; lastKnownFileType = sourcecode.c.objc; path = Person.m; sourceTree = "<group>"; };
/* End PBXFileReference section */

/* Begin PBXFrameworksBuildPhase section */
		B4EEDC062168029A006F9E3A /* Frameworks */ = {
			isa = PBXFrameworksBuildPhase;
			buildActionMask = 2147483647;
			files = (
			);
			runOnlyForDeploymentPostprocessing = 0;
		};
		B4EEDC15216802AC006F9E3A /* Frameworks */ = {
			isa = PBXFrameworksBuildPhase;
			buildActionMask = 2147483647;
			files = (
				B4EEDC1D216802AC006F9E3A /* libc-to-objc.a in Frameworks */,
			);
			runOnlyForDeploymentPostprocessing = 0;
		};
/* End PBXFrameworksBuildPhase section */

/* Begin PBXGroup section */
		B4EEDBFF2168029A006F9E3A = {
			isa = PBXGroup;
			children = (
				B4EEDC0A2168029A006F9E3A /* c-to-objc */,
				B4EEDC19216802AC006F9E3A /* Tests */,
				B4EEDC092168029A006F9E3A /* Products */,
			);
			sourceTree = "<group>";
		};
		B4EEDC092168029A006F9E3A /* Products */ = {
			isa = PBXGroup;
			children = (
				B4EEDC082168029A006F9E3A /* libc-to-objc.a */,
				B4EEDC18216802AC006F9E3A /* Tests.xctest */,
			);
			name = Products;
			sourceTree = "<group>";
		};
		B4EEDC0A2168029A006F9E3A /* c-to-objc */ = {
			isa = PBXGroup;
			children = (
				B4EEDC23216802DE006F9E3A /* Person.h */,
				B4EEDC24216802DE006F9E3A /* Person.m */,
			);
			path = "c-to-objc";
			sourceTree = "<group>";
		};
		B4EEDC19216802AC006F9E3A /* Tests */ = {
			isa = PBXGroup;
			children = (
				B4EEDC1A216802AC006F9E3A /* Tests.m */,
				B4EEDC1C216802AC006F9E3A /* Info.plist */,
			);
			path = Tests;
			sourceTree = "<group>";
		};
/* End PBXGroup section */

/* Begin PBXHeadersBuildPhase section */
		B4EEDC042168029A006F9E3A /* Headers */ = {
			isa = PBXHeadersBuildPhase;
			buildActionMask = 2147483647;
			files = (
				B4EEDC25216802DE006F9E3A /* Person.h in Headers */,
			);
			runOnlyForDeploymentPostprocessing = 0;
		};
/* End PBXHeadersBuildPhase section */

/* Begin PBXNativeTarget section */
		B4EEDC072168029A006F9E3A /* c-to-objc */ = {
			isa = PBXNativeTarget;
			buildConfigurationList = B4EEDC112168029A006F9E3A /* Build configuration list for PBXNativeTarget "c-to-objc" */;
			buildPhases = (
				B4EEDC042168029A006F9E3A /* Headers */,
				B4EEDC052168029A006F9E3A /* Sources */,
				B4EEDC062168029A006F9E3A /* Frameworks */,
			);
			buildRules = (
			);
			dependencies = (
			);
			name = "c-to-objc";
			productName = "c-to-objc";
			productReference = B4EEDC082168029A006F9E3A /* libc-to-objc.a */;
			productType = "com.apple.product-type.library.static";
		};
		B4EEDC17216802AC006F9E3A /* Tests */ = {
			isa = PBXNativeTarget;
			buildConfigurationList = B4EEDC20216802AC006F9E3A /* Build configuration list for PBXNativeTarget "Tests" */;
			buildPhases = (
				B4EEDC14216802AC006F9E3A /* Sources */,
				B4EEDC15216802AC006F9E3A /* Frameworks */,
				B4EEDC16216802AC006F9E3A /* Resources */,
			);
			buildRules = (
			);
			dependencies = (
				B4EEDC1F216802AC006F9E3A /* PBXTargetDependency */,
			);
			name = Tests;
			productName = Tests;
			productReference = B4EEDC18216802AC006F9E3A /* Tests.xctest */;
			productType = "com.apple.product-type.bundle.unit-test";
		};
/* End PBXNativeTarget section */

/* Begin PBXProject section */
		B4EEDC002168029A006F9E3A /* Project object */ = {
			isa = PBXProject;
			attributes = {
				LastUpgradeCheck = 1000;
				ORGANIZATIONNAME = "About Objects";
				TargetAttributes = {
					B4EEDC072168029A006F9E3A = {
						CreatedOnToolsVersion = 10.0;
					};
					B4EEDC17216802AC006F9E3A = {
						CreatedOnToolsVersion = 10.0;
					};
				};
			};
			buildConfigurationList = B4EEDC032168029A006F9E3A /* Build configuration list for PBXProject "c-to-objc" */;
			compatibilityVersion = "Xcode 9.3";
			developmentRegion = en;
			hasScannedForEncodings = 0;
			knownRegions = (
				en,
			);
			mainGroup = B4EEDBFF2168029A006F9E3A;
			productRefGroup = B4EEDC092168029A006F9E3A /* Products */;
			projectDirPath = "";
			projectRoot = "";
			targets = (
				B4EEDC072168029A006F9E3A /* c-to-objc */,
				B4EEDC17216802AC006F9E3A /* Tests */,
			);
		};
/* End PBXProject section */

/* Begin PBXResourcesBuildPhase section */
		B4EEDC16216802AC006F9E3A /* Resources */ = {
			isa = PBXResourcesBuildPhase;
			buildActionMask = 2147483647;
			files = (
			);
			runOnlyForDeploymentPostprocessing = 0;
		};
/* End PBXResourcesBuildPhase section */

/* Begin PBXSourcesBuildPhase section */
		B4EEDC052168029A006F9E3A /* Sources */ = {
			isa = PBXSourcesBuildPhase;
			buildActionMask = 2147483647;
			files = (
				B4EEDC26216802DE006F9E3A /* Person.m in Sources */,
			);
			runOnlyForDeploymentPostprocessing = 0;
		};
		B4EEDC14216802AC006F9E3A /* Sources */ = {
			isa = PBXSourcesBuildPhase;
			buildActionMask = 2147483647;
			files = (
				B4EEDC1B216802AC006F9E3A /* Tests.m in Sources */,
			);
			runOnlyForDeploymentPostprocessing = 0;
		};
/* End PBXSourcesBuildPhase section */

/* Begin PBXTargetDependency section */
		B4EEDC1F216802AC006F9E3A /* PBXTargetDependency */ = {
			isa = PBXTargetDependency;
			target = B4EEDC072168029A006F9E3A /* c-to-objc */;
			targetProxy = B4EEDC1E216802AC006F9E3A /* PBXContainerItemProxy */;
		};
/* End PBXTargetDependency section */

/* Begin XCBuildConfiguration section */
		B4EEDC0F2168029A006F9E3A /* Debug */ = {
			isa = XCBuildConfiguration;
			buildSettings = {
				ALWAYS_SEARCH_USER_PATHS = NO;
				CLANG_ANALYZER_NONNULL = YES;
				CLANG_ANALYZER_NUMBER_OBJECT_CONVERSION = YES_AGGRESSIVE;
				CLANG_CXX_LANGUAGE_STANDARD = "gnu++14";
				CLANG_CXX_LIBRARY = "libc++";
				CLANG_ENABLE_MODULES = YES;
				CLANG_ENABLE_OBJC_ARC = YES;
				CLANG_ENABLE_OBJC_WEAK = YES;
				CLANG_WARN_BLOCK_CAPTURE_AUTORELEASING = YES;
				CLANG_WARN_BOOL_CONVERSION = YES;
				CLANG_WARN_COMMA = YES;
				CLANG_WARN_CONSTANT_CONVERSION = YES;
				CLANG_WARN_DEPRECATED_OBJC_IMPLEMENTATIONS = YES;
				CLANG_WARN_DIRECT_OBJC_ISA_USAGE = YES_ERROR;
				CLANG_WARN_DOCUMENTATION_COMMENTS = YES;
				CLANG_WARN_EMPTY_BODY = YES;
				CLANG_WARN_ENUM_CONVERSION = YES;
				CLANG_WARN_INFINITE_RECURSION = YES;
				CLANG_WARN_INT_CONVERSION = YES;
				CLANG_WARN_NON_LITERAL_NULL_CONVERSION = YES;
				CLANG_WARN_OBJC_IMPLICIT_RETAIN_SELF = YES;
				CLANG_WARN_OBJC_LITERAL_CONVERSION = YES;
				CLANG_WARN_OBJC_ROOT_CLASS = YES_ERROR;
				CLANG_WARN_RANGE_LOOP_ANALYSIS = YES;
				CLANG_WARN_STRICT_PROTOTYPES = YES;
				CLANG_WARN_SUSPICIOUS_MOVE = YES;
				CLANG_WARN_UNGUARDED_AVAILABILITY = YES_AGGRESSIVE;
				CLANG_WARN_UNREACHABLE_CODE = YES;
				CLANG_WARN__DUPLICATE_METHOD_MATCH = YES;
				CODE_SIGN_IDENTITY = "Mac Developer";
				COPY_PHASE_STRIP = NO;
				DEBUG_INFORMATION_FORMAT = dwarf;
				ENABLE_STRICT_OBJC_MSGSEND = YES;
				ENABLE_TESTABILITY = YES;
				GCC_C_LANGUAGE_STANDARD = gnu11;
				GCC_DYNAMIC_NO_PIC = NO;
				GCC_NO_COMMON_BLOCKS = YES;
				GCC_OPTIMIZATION_LEVEL = 0;
				GCC_PREPROCESSOR_DEFINITIONS = (
					"DEBUG=1",
					"$(inherited)",
				);
				GCC_WARN_64_TO_32_BIT_CONVERSION = YES;
				GCC_WARN_ABOUT_RETURN_TYPE = YES_ERROR;
				GCC_WARN_UNDECLARED_SELECTOR = YES;
				GCC_WARN_UNINITIALIZED_AUTOS = YES_AGGRESSIVE;
				GCC_WARN_UNUSED_FUNCTION = YES;
				GCC_WARN_UNUSED_VARIABLE = YES;
				MACOSX_DEPLOYMENT_TARGET = 10.14;
				MTL_ENABLE_DEBUG_INFO = INCLUDE_SOURCE;
				MTL_FAST_MATH = YES;
				ONLY_ACTIVE_ARCH = YES;
				SDKROOT = macosx;
			};
			name = Debug;
		};
		B4EEDC102168029A006F9E3A /* Release */ = {
			isa = XCBuildConfiguration;
			buildSettings = {
				ALWAYS_SEARCH_USER_PATHS = NO;
				CLANG_ANALYZER_NONNULL = YES;
				CLANG_ANALYZER_NUMBER_OBJECT_CONVERSION = YES_AGGRESSIVE;
				CLANG_CXX_LANGUAGE_STANDARD = "gnu++14";
				CLANG_CXX_LIBRARY = "libc++";
				CLANG_ENABLE_MODULES = YES;
				CLANG_ENABLE_OBJC_ARC = YES;
				CLANG_ENABLE_OBJC_WEAK = YES;
				CLANG_WARN_BLOCK_CAPTURE_AUTORELEASING = YES;
				CLANG_WARN_BOOL_CONVERSION = YES;
				CLANG_WARN_COMMA = YES;
				CLANG_WARN_CONSTANT_CONVERSION = YES;
				CLANG_WARN_DEPRECATED_OBJC_IMPLEMENTATIONS = YES;
				CLANG_WARN_DIRECT_OBJC_ISA_USAGE = YES_ERROR;
				CLANG_WARN_DOCUMENTATION_COMMENTS = YES;
				CLANG_WARN_EMPTY_BODY = YES;
				CLANG_WARN_ENUM_CONVERSION = YES;
				CLANG_WARN_INFINITE_RECURSION = YES;
				CLANG_WARN_INT_CONVERSION = YES;
				CLANG_WARN_NON_LITERAL_NULL_CONVERSION = YES;
				CLANG_WARN_OBJC_IMPLICIT_RETAIN_SELF = YES;
				CLANG_WARN_OBJC_LITERAL_CONVERSION = YES;
				CLANG_WARN_OBJC_ROOT_CLASS = YES_ERROR;
				CLANG_WARN_RANGE_LOOP_ANALYSIS = YES;
				CLANG_WARN_STRICT_PROTOTYPES = YES;
				CLANG_WARN_SUSPICIOUS_MOVE = YES;
				CLANG_WARN_UNGUARDED_AVAILABILITY = YES_AGGRESSIVE;
				CLANG_WARN_UNREACHABLE_CODE = YES;
				CLANG_WARN__DUPLICATE_METHOD_MATCH = YES;
				CODE_SIGN_IDENTITY = "Mac Developer";
				COPY_PHASE_STRIP = NO;
				DEBUG_INFORMATION_FORMAT = "dwarf-with-dsym";
				ENABLE_NS_ASSERTIONS = NO;
				ENABLE_STRICT_OBJC_MSGSEND = YES;
				GCC_C_LANGUAGE_STANDARD = gnu11;
				GCC_NO_COMMON_BLOCKS = YES;
				GCC_WARN_64_TO_32_BIT_CONVERSION = YES;
				GCC_WARN_ABOUT_RETURN_TYPE = YES_ERROR;
				GCC_WARN_UNDECLARED_SELECTOR = YES;
				GCC_WARN_UNINITIALIZED_AUTOS = YES_AGGRESSIVE;
				GCC_WARN_UNUSED_FUNCTION = YES;
				GCC_WARN_UNUSED_VARIABLE = YES;
				MACOSX_DEPLOYMENT_TARGET = 10.14;
				MTL_ENABLE_DEBUG_INFO = NO;
				MTL_FAST_MATH = YES;
				SDKROOT = macosx;
			};
			name = Release;
		};
		B4EEDC122168029A006F9E3A /* Debug */ = {
			isa = XCBuildConfiguration;
			buildSettings = {
				CLANG_ENABLE_OBJC_ARC = YES;
				CODE_SIGN_STYLE = Automatic;
				DEVELOPMENT_TEAM = 7J7LD9SB6Q;
				ENABLE_STRICT_OBJC_MSGSEND = YES;
				EXECUTABLE_PREFIX = lib;
				PRODUCT_NAME = "$(TARGET_NAME)";
				SKIP_INSTALL = YES;
			};
			name = Debug;
		};
		B4EEDC132168029A006F9E3A /* Release */ = {
			isa = XCBuildConfiguration;
			buildSettings = {
				CLANG_ENABLE_OBJC_ARC = YES;
				CODE_SIGN_STYLE = Automatic;
				DEVELOPMENT_TEAM = 7J7LD9SB6Q;
				ENABLE_STRICT_OBJC_MSGSEND = YES;
				EXECUTABLE_PREFIX = lib;
				PRODUCT_NAME = "$(TARGET_NAME)";
				SKIP_INSTALL = YES;
			};
			name = Release;
		};
		B4EEDC21216802AC006F9E3A /* Debug */ = {
			isa = XCBuildConfiguration;
			buildSettings = {
				CODE_SIGN_STYLE = Automatic;
				COMBINE_HIDPI_IMAGES = YES;
				DEVELOPMENT_TEAM = 7J7LD9SB6Q;
				INFOPLIST_FILE = Tests/Info.plist;
				LD_RUNPATH_SEARCH_PATHS = (
					"$(inherited)",
					"@executable_path/../Frameworks",
					"@loader_path/../Frameworks",
				);
				PRODUCT_BUNDLE_IDENTIFIER = com.aboutobjects.Tests;
				PRODUCT_NAME = "$(TARGET_NAME)";
			};
			name = Debug;
		};
		B4EEDC22216802AC006F9E3A /* Release */ = {
			isa = XCBuildConfiguration;
			buildSettings = {
				CODE_SIGN_STYLE = Automatic;
				COMBINE_HIDPI_IMAGES = YES;
				DEVELOPMENT_TEAM = 7J7LD9SB6Q;
				INFOPLIST_FILE = Tests/Info.plist;
				LD_RUNPATH_SEARCH_PATHS = (
					"$(inherited)",
					"@executable_path/../Frameworks",
					"@loader_path/../Frameworks",
				);
				PRODUCT_BUNDLE_IDENTIFIER = com.aboutobjects.Tests;
				PRODUCT_NAME = "$(TARGET_NAME)";
			};
			name = Release;
		};
/* End XCBuildConfiguration section */

/* Begin XCConfigurationList section */
		B4EEDC032168029A006F9E3A /* Build configuration list for PBXProject "c-to-objc" */ = {
			isa = XCConfigurationList;
			buildConfigurations = (
				B4EEDC0F2168029A006F9E3A /* Debug */,
				B4EEDC102168029A006F9E3A /* Release */,
			);
			defaultConfigurationIsVisible = 0;
			defaultConfigurationName = Release;
		};
		B4EEDC112168029A006F9E3A /* Build configuration list for PBXNativeTarget "c-to-objc" */ = {
			isa = XCConfigurationList;
			buildConfigurations = (
				B4EEDC122168029A006F9E3A /* Debug */,
				B4EEDC132168029A006F9E3A /* Release */,
			);
			defaultConfigurationIsVisible = 0;
			defaultConfigurationName = Release;
		};
		B4EEDC20216802AC006F9E3A /* Build configuration list for PBXNativeTarget "Tests" */ = {
			isa = XCConfigurationList;
			buildConfigurations = (
				B4EEDC21216802AC006F9E3A /* Debug */,
				B4EEDC22216802AC006F9E3A /* Release */,
			);
			defaultConfigurationIsVisible = 0;
			defaultConfigurationName = Release;
		};
/* End XCConfigurationList section */
	};
	rootObject = B4EEDC002168029A006F9E3A /* Project object */;
}
